
Microsoft Visual Studio Solution File, Format Version 12.00
# Visual Studio Version 16
VisualStudioVersion = 16.0.29424.173
MinimumVisualStudioVersion = 10.0.40219.1
Project("{FAE04EC0-301F-11D3-BF4B-00C04F79EFBC}") = "Calender Code", "Calender Code.csproj", "{9CAF3A58-00F9-4BE2-B67D-CBCEF77FEF3A}"
EndProject
Global
	GlobalSection(SolutionConfigurationPlatforms) = preSolution
		Debug|Any CPU = Debug|Any CPU
		Release|Any CPU = Release|Any CPU
	EndGlobalSection
	GlobalSection(ProjectConfigurationPlatforms) = postSolution
		{9CAF3A58-00F9-4BE2-B67D-CBCEF77FEF3A}.Debug|Any CPU.ActiveCfg = Debug|Any CPU
		{9CAF3A58-00F9-4BE2-B67D-CBCEF77FEF3A}.Debug|Any CPU.Build.0 = Debug|Any CPU
		{9CAF3A58-00F9-4BE2-B67D-CBCEF77FEF3A}.Release|Any CPU.ActiveCfg = Release|Any CPU
		{9CAF3A58-00F9-4BE2-B67D-CBCEF77FEF3A}.Release|Any CPU.Build.0 = Release|Any CPU
	EndGlobalSection
	GlobalSection(SolutionProperties) = preSolution
		HideSolutionNode = FALSE
	EndGlobalSection
	GlobalSection(ExtensibilityGlobals) = postSolution
		SolutionGuid = {3795C366-4A6C-47EC-AEE0-07531554B6B3}
	EndGlobalSection
EndGlobal
